# This file was autogenerated by Stack.
# You should not edit this file by hand.
# For more information, please see the documentation at:
#   https://docs.haskellstack.org/en/stable/lock_files

packages:
- completed:
    hackage: split-0.2.3.4@sha256:a6df9c3e806ee7cb50bc980a183fc1156f35022a39430dabac0bf9456fe18a4b,2647
    pantry-tree:
      size: 439
      sha256: 4e7559f1be32a70cdbdb96d14db768561dd36b8fdff36b3ffac94751f5b5ae6d
  original:
    hackage: split-0.2.3.4
- completed:
    hackage: megaparsec-9.2.0@sha256:41ed349ee34f5e0474bbdbd837fd2ffc3c2a6ce4f9c93b9ca116ab5836c002b9,3347
    pantry-tree:
      size: 1518
      sha256: 0fb53bdb0c86f4df6d499727015401397d4df86651fa9964c0368dd4b5965acf
  original:
    hackage: megaparsec-9.2.0
- completed:
    hackage: matrix-0.3.6.1@sha256:96ab17d9a959cd5c0e9e6db5bc48069dba5f6fa17f7f4aea838d22f35e7bc047,1941
    pantry-tree:
      size: 417
      sha256: f04e95e139e7463809a1e30204f339a9b7938cf0aa54c74f68ac788aad3e316d
  original:
    hackage: matrix-0.3.6.1
- completed:
    hackage: containers-0.6.4.1@sha256:e9ca297369c207ff40ed561877c15928292b957a01c8551a7cbd50d665a03429,2520
    pantry-tree:
      size: 2823
      sha256: cd4689c9caa5b9774b3ec4603c3b2c06eb04b184db590afa6d107441e25cc634
  original:
    hackage: containers-0.6.4.1
- completed:
    hackage: unordered-containers-0.2.19.1@sha256:7d43e557b32a30eeac22e68b8430384bf829b0b2313761026a7f103395b047d5,3638
    pantry-tree:
      size: 1517
      sha256: 1870de393820b94af9efb8fcdd31940543569cdcd3d13296bc224438b2b107d8
  original:
    hackage: unordered-containers-0.2.19.1
- completed:
    name: stack
    version: 1.0.5
    git: https://github.com/commercialhaskell/stack.git
    pantry-tree:
      size: 23178
      sha256: 6fa5808c7dfc5a2cc8b90f26a7e744de52662420570b9092f19d3987d7fb1bf8
    commit: e7b331f14bcffb8367cd58fbfc8b40ec7642100a
  original:
    git: https://github.com/commercialhaskell/stack.git
    commit: e7b331f14bcffb8367cd58fbfc8b40ec7642100a
snapshots:
- completed:
    size: 616897
    url: https://raw.githubusercontent.com/commercialhaskell/stackage-snapshots/master/lts/19/0.yaml
    sha256: bbf2be02f17940bac1f87cb462d4fb0c3355de6dcfc53d84f4f9ad3ee2164f65
  original: lts-19.0
